{
	"name": "vscode-lsl-client",
	"lockfileVersion": 2,
	"requires": true,
	"packages": {
		"": {
			"name": "vscode-lsl-client",
			"dependencies": {
				"antlr4": "^4.13.0",
				"vscode-languageclient": "^7.0.0"
			},
			"devDependencies": {
				"@types/vscode": "^1.65.0",
				"@vscode/test-electron": "^2.1.2"
			},
			"engines": {
				"vscode": "^1.65.0"
			}
		},
		"node_modules/@tootallnate/once": {
			"version": "1.1.2",
			"dev": true,
			"license": "MIT",
			"engines": {
				"node": ">= 6"
			}
		},
		"node_modules/@types/vscode": {
			"version": "1.79.1",
			"dev": true,
			"license": "MIT"
		},
		"node_modules/@vscode/test-electron": {
			"version": "2.3.0",
			"dev": true,
			"license": "MIT",
			"dependencies": {
				"http-proxy-agent": "^4.0.1",
				"https-proxy-agent": "^5.0.0",
				"jszip": "^3.10.1",
				"semver": "^7.3.8"
			},
			"engines": {
				"node": ">=16"
			}
		},
		"node_modules/agent-base": {
			"version": "6.0.2",
			"dev": true,
			"license": "MIT",
			"dependencies": {
				"debug": "4"
			},
			"engines": {
				"node": ">= 6.0.0"
			}
		},
		"node_modules/antlr4": {
			"version": "4.13.0",
			"resolved": "https://registry.npmjs.org/antlr4/-/antlr4-4.13.0.tgz",
			"integrity": "sha512-zooUbt+UscjnWyOrsuY/tVFL4rwrAGwOivpQmvmUDE22hy/lUA467Rc1rcixyRwcRUIXFYBwv7+dClDSHdmmew==",
			"engines": {
				"node": ">=16"
			}
		},
		"node_modules/balanced-match": {
			"version": "1.0.2",
			"license": "MIT"
		},
		"node_modules/brace-expansion": {
			"version": "1.1.11",
			"license": "MIT",
			"dependencies": {
				"balanced-match": "^1.0.0",
				"concat-map": "0.0.1"
			}
		},
		"node_modules/concat-map": {
			"version": "0.0.1",
			"license": "MIT"
		},
		"node_modules/core-util-is": {
			"version": "1.0.3",
			"dev": true,
			"license": "MIT"
		},
		"node_modules/debug": {
			"version": "4.3.4",
			"dev": true,
			"license": "MIT",
			"dependencies": {
				"ms": "2.1.2"
			},
			"engines": {
				"node": ">=6.0"
			},
			"peerDependenciesMeta": {
				"supports-color": {
					"optional": true
				}
			}
		},
		"node_modules/http-proxy-agent": {
			"version": "4.0.1",
			"dev": true,
			"license": "MIT",
			"dependencies": {
				"@tootallnate/once": "1",
				"agent-base": "6",
				"debug": "4"
			},
			"engines": {
				"node": ">= 6"
			}
		},
		"node_modules/https-proxy-agent": {
			"version": "5.0.1",
			"dev": true,
			"license": "MIT",
			"dependencies": {
				"agent-base": "6",
				"debug": "4"
			},
			"engines": {
				"node": ">= 6"
			}
		},
		"node_modules/immediate": {
			"version": "3.0.6",
			"dev": true,
			"license": "MIT"
		},
		"node_modules/inherits": {
			"version": "2.0.4",
			"dev": true,
			"license": "ISC"
		},
		"node_modules/isarray": {
			"version": "1.0.0",
			"dev": true,
			"license": "MIT"
		},
		"node_modules/jszip": {
			"version": "3.10.1",
			"dev": true,
			"license": "(MIT OR GPL-3.0-or-later)",
			"dependencies": {
				"lie": "~3.3.0",
				"pako": "~1.0.2",
				"readable-stream": "~2.3.6",
				"setimmediate": "^1.0.5"
			}
		},
		"node_modules/lie": {
			"version": "3.3.0",
			"dev": true,
			"license": "MIT",
			"dependencies": {
				"immediate": "~3.0.5"
			}
		},
		"node_modules/lru-cache": {
			"version": "6.0.0",
			"license": "ISC",
			"dependencies": {
				"yallist": "^4.0.0"
			},
			"engines": {
				"node": ">=10"
			}
		},
		"node_modules/minimatch": {
			"version": "3.1.2",
			"license": "ISC",
			"dependencies": {
				"brace-expansion": "^1.1.7"
			},
			"engines": {
				"node": "*"
			}
		},
		"node_modules/ms": {
			"version": "2.1.2",
			"dev": true,
			"license": "MIT"
		},
		"node_modules/pako": {
			"version": "1.0.11",
			"dev": true,
			"license": "(MIT AND Zlib)"
		},
		"node_modules/process-nextick-args": {
			"version": "2.0.1",
			"dev": true,
			"license": "MIT"
		},
		"node_modules/readable-stream": {
			"version": "2.3.8",
			"dev": true,
			"license": "MIT",
			"dependencies": {
				"core-util-is": "~1.0.0",
				"inherits": "~2.0.3",
				"isarray": "~1.0.0",
				"process-nextick-args": "~2.0.0",
				"safe-buffer": "~5.1.1",
				"string_decoder": "~1.1.1",
				"util-deprecate": "~1.0.1"
			}
		},
		"node_modules/safe-buffer": {
			"version": "5.1.2",
			"dev": true,
			"license": "MIT"
		},
		"node_modules/semver": {
			"version": "7.3.8",
			"license": "ISC",
			"dependencies": {
				"lru-cache": "^6.0.0"
			},
			"bin": {
				"semver": "bin/semver.js"
			},
			"engines": {
				"node": ">=10"
			}
		},
		"node_modules/setimmediate": {
			"version": "1.0.5",
			"dev": true,
			"license": "MIT"
		},
		"node_modules/string_decoder": {
			"version": "1.1.1",
			"dev": true,
			"license": "MIT",
			"dependencies": {
				"safe-buffer": "~5.1.0"
			}
		},
		"node_modules/util-deprecate": {
			"version": "1.0.2",
			"dev": true,
			"license": "MIT"
		},
		"node_modules/vscode-jsonrpc": {
			"version": "6.0.0",
			"license": "MIT",
			"engines": {
				"node": ">=8.0.0 || >=10.0.0"
			}
		},
		"node_modules/vscode-languageclient": {
			"version": "7.0.0",
			"license": "MIT",
			"dependencies": {
				"minimatch": "^3.0.4",
				"semver": "^7.3.4",
				"vscode-languageserver-protocol": "3.16.0"
			},
			"engines": {
				"vscode": "^1.52.0"
			}
		},
		"node_modules/vscode-languageserver-protocol": {
			"version": "3.16.0",
			"license": "MIT",
			"dependencies": {
				"vscode-jsonrpc": "6.0.0",
				"vscode-languageserver-types": "3.16.0"
			}
		},
		"node_modules/vscode-languageserver-types": {
			"version": "3.16.0",
			"license": "MIT"
		},
		"node_modules/yallist": {
			"version": "4.0.0",
			"license": "ISC"
		}
	},
	"dependencies": {
		"@tootallnate/once": {
			"version": "1.1.2",
			"dev": true
		},
		"@types/vscode": {
			"version": "1.79.1",
			"dev": true
		},
		"@vscode/test-electron": {
			"version": "2.3.0",
			"dev": true,
			"requires": {
				"http-proxy-agent": "^4.0.1",
				"https-proxy-agent": "^5.0.0",
				"jszip": "^3.10.1",
				"semver": "^7.3.8"
			}
		},
		"agent-base": {
			"version": "6.0.2",
			"dev": true,
			"requires": {
				"debug": "4"
			}
		},
		"antlr4": {
			"version": "4.13.0",
			"resolved": "https://registry.npmjs.org/antlr4/-/antlr4-4.13.0.tgz",
			"integrity": "sha512-zooUbt+UscjnWyOrsuY/tVFL4rwrAGwOivpQmvmUDE22hy/lUA467Rc1rcixyRwcRUIXFYBwv7+dClDSHdmmew=="
		},
		"balanced-match": {
			"version": "1.0.2"
		},
		"brace-expansion": {
			"version": "1.1.11",
			"requires": {
				"balanced-match": "^1.0.0",
				"concat-map": "0.0.1"
			}
		},
		"concat-map": {
			"version": "0.0.1"
		},
		"core-util-is": {
			"version": "1.0.3",
			"dev": true
		},
		"debug": {
			"version": "4.3.4",
			"dev": true,
			"requires": {
				"ms": "2.1.2"
			}
		},
		"http-proxy-agent": {
			"version": "4.0.1",
			"dev": true,
			"requires": {
				"@tootallnate/once": "1",
				"agent-base": "6",
				"debug": "4"
			}
		},
		"https-proxy-agent": {
			"version": "5.0.1",
			"dev": true,
			"requires": {
				"agent-base": "6",
				"debug": "4"
			}
		},
		"immediate": {
			"version": "3.0.6",
			"dev": true
		},
		"inherits": {
			"version": "2.0.4",
			"dev": true
		},
		"isarray": {
			"version": "1.0.0",
			"dev": true
		},
		"jszip": {
			"version": "3.10.1",
			"dev": true,
			"requires": {
				"lie": "~3.3.0",
				"pako": "~1.0.2",
				"readable-stream": "~2.3.6",
				"setimmediate": "^1.0.5"
			}
		},
		"lie": {
			"version": "3.3.0",
			"dev": true,
			"requires": {
				"immediate": "~3.0.5"
			}
		},
		"lru-cache": {
			"version": "6.0.0",
			"requires": {
				"yallist": "^4.0.0"
			}
		},
		"minimatch": {
			"version": "3.1.2",
			"requires": {
				"brace-expansion": "^1.1.7"
			}
		},
		"ms": {
			"version": "2.1.2",
			"dev": true
		},
		"pako": {
			"version": "1.0.11",
			"dev": true
		},
		"process-nextick-args": {
			"version": "2.0.1",
			"dev": true
		},
		"readable-stream": {
			"version": "2.3.8",
			"dev": true,
			"requires": {
				"core-util-is": "~1.0.0",
				"inherits": "~2.0.3",
				"isarray": "~1.0.0",
				"process-nextick-args": "~2.0.0",
				"safe-buffer": "~5.1.1",
				"string_decoder": "~1.1.1",
				"util-deprecate": "~1.0.1"
			}
		},
		"safe-buffer": {
			"version": "5.1.2",
			"dev": true
		},
		"semver": {
			"version": "7.3.8",
			"requires": {
				"lru-cache": "^6.0.0"
			}
		},
		"setimmediate": {
			"version": "1.0.5",
			"dev": true
		},
		"string_decoder": {
			"version": "1.1.1",
			"dev": true,
			"requires": {
				"safe-buffer": "~5.1.0"
			}
		},
		"util-deprecate": {
			"version": "1.0.2",
			"dev": true
		},
		"vscode-jsonrpc": {
			"version": "6.0.0"
		},
		"vscode-languageclient": {
			"version": "7.0.0",
			"requires": {
				"minimatch": "^3.0.4",
				"semver": "^7.3.4",
				"vscode-languageserver-protocol": "3.16.0"
			}
		},
		"vscode-languageserver-protocol": {
			"version": "3.16.0",
			"requires": {
				"vscode-jsonrpc": "6.0.0",
				"vscode-languageserver-types": "3.16.0"
			}
		},
		"vscode-languageserver-types": {
			"version": "3.16.0"
		},
		"yallist": {
			"version": "4.0.0"
		}
	}
}
